{
    "_readme": [
        "This file locks the dependencies of your project to a known state",
        "Read more about it at http://getcomposer.org/doc/01-basic-usage.md#composer-lock-the-lock-file"
    ],
    "hash": "733b3c0e48a7998b88ee2ba9a6c815a7",
    "packages": [
        {
            "name": "commentar/date-format",
            "version": "v0.0.1",
            "source": {
                "type": "git",
                "url": "https://github.com/Commentar/DateFormat.git",
                "reference": "65d17383c81235a1a82d072dab99a3598228928e"
            },
            "dist": {
                "type": "zip",
                "url": "https://api.github.com/repos/Commentar/DateFormat/zipball/65d17383c81235a1a82d072dab99a3598228928e",
                "reference": "65d17383c81235a1a82d072dab99a3598228928e",
                "shasum": ""
            },
            "require": {
                "php": ">=5.4"
            },
            "type": "library",
            "autoload": {
                "psr-0": {
                    "Commentar\\": "src/"
                }
            },
            "notification-url": "https://packagist.org/downloads/",
            "license": [
                "MIT"
            ],
            "authors": [
                {
                    "name": "Pieter Hordijk",
                    "email": "info@pieterhordijk.com",
                    "homepage": "https://pieterhordijk.com",
                    "role": "developer"
                }
            ],
            "description": "Date formatter to be used in templates to render a DateTime object as a simple formatted string",
            "homepage": "https://github.com/Commentar/DateFormat",
            "keywords": [
                "commentar",
                "comments",
                "date",
                "formatter",
                "time"
            ],
            "time": "2013-09-07 00:50:20"
        },
        {
            "name": "commentar/dummy-storage",
            "version": "v0.1.3",
            "source": {
                "type": "git",
                "url": "https://github.com/Commentar/DummyStorage.git",
                "reference": "02bde40adeab589c2b6ef964db98eb7164002970"
            },
            "dist": {
                "type": "zip",
                "url": "https://api.github.com/repos/Commentar/DummyStorage/zipball/02bde40adeab589c2b6ef964db98eb7164002970",
                "reference": "02bde40adeab589c2b6ef964db98eb7164002970",
                "shasum": ""
            },
            "require": {
                "php": ">=5.4"
            },
            "type": "library",
            "autoload": {
                "psr-0": {
                    "Commentar\\": "src/"
                }
            },
            "notification-url": "https://packagist.org/downloads/",
            "license": [
                "MIT"
            ],
            "authors": [
                {
                    "name": "Pieter Hordijk",
                    "email": "info@pieterhordijk.com",
                    "homepage": "https://pieterhordijk.com",
                    "role": "developer"
                }
            ],
            "description": "Dummy data provider for the Commentar commenting system",
            "homepage": "https://github.com/Commentar/DummyStorage",
            "keywords": [
                "Dummy",
                "commentar",
                "comments",
                "data",
                "fake"
            ],
            "time": "2013-09-06 23:49:58"
        },
        {
            "name": "doctrine/common",
            "version": "2.3.0",
            "source": {
                "type": "git",
                "url": "https://github.com/doctrine/common",
                "reference": "2.3.0"
            },
            "dist": {
                "type": "zip",
                "url": "https://github.com/doctrine/common/zipball/2.3.0",
                "reference": "2.3.0",
                "shasum": ""
            },
            "require": {
                "php": ">=5.3.2"
            },
            "type": "library",
            "extra": {
                "branch-alias": {
                    "dev-master": "2.3.x-dev"
                }
            },
            "autoload": {
                "psr-0": {
                    "Doctrine\\Common": "lib/"
                }
            },
            "notification-url": "https://packagist.org/downloads/",
            "license": [
                "MIT"
            ],
            "authors": [
                {
                    "name": "Jonathan Wage",
                    "email": "jonwage@gmail.com",
                    "homepage": "http://www.jwage.com/"
                },
                {
                    "name": "Guilherme Blanco",
                    "email": "guilhermeblanco@gmail.com",
                    "homepage": "http://www.instaclick.com"
                },
                {
                    "name": "Roman Borschel",
                    "email": "roman@code-factory.org"
                },
                {
                    "name": "Benjamin Eberlei",
                    "email": "kontakt@beberlei.de"
                },
                {
                    "name": "Johannes Schmitt",
                    "email": "schmittjoh@gmail.com",
                    "homepage": "http://jmsyst.com",
                    "role": "Developer of wrapped JMSSerializerBundle"
                }
            ],
            "description": "Common Library for Doctrine projects",
            "homepage": "http://www.doctrine-project.org",
            "keywords": [
                "annotations",
                "collections",
                "eventmanager",
                "persistence",
                "spl"
            ],
            "time": "2012-09-19 22:55:18"
        },
        {
            "name": "doctrine/dbal",
            "version": "2.3.4",
            "source": {
                "type": "git",
                "url": "https://github.com/doctrine/dbal.git",
                "reference": "2.3.4"
            },
            "dist": {
                "type": "zip",
                "url": "https://api.github.com/repos/doctrine/dbal/zipball/2.3.4",
                "reference": "2.3.4",
                "shasum": ""
            },
            "require": {
                "doctrine/common": ">=2.3.0,<2.5-dev",
                "php": ">=5.3.2"
            },
            "type": "library",
            "extra": {
                "branch-alias": {
                    "dev-master": "2.3.x-dev"
                }
            },
            "autoload": {
                "psr-0": {
                    "Doctrine\\DBAL": "lib/"
                }
            },
            "notification-url": "https://packagist.org/downloads/",
            "license": [
                "MIT"
            ],
            "authors": [
                {
                    "name": "Jonathan Wage",
                    "email": "jonwage@gmail.com",
                    "homepage": "http://www.jwage.com/"
                },
                {
                    "name": "Guilherme Blanco",
                    "email": "guilhermeblanco@gmail.com",
                    "homepage": "http://www.instaclick.com"
                },
                {
                    "name": "Roman Borschel",
                    "email": "roman@code-factory.org"
                },
                {
                    "name": "Benjamin Eberlei",
                    "email": "kontakt@beberlei.de"
                }
            ],
            "description": "Database Abstraction Layer",
            "homepage": "http://www.doctrine-project.org",
            "keywords": [
                "database",
                "dbal",
                "persistence",
                "queryobject"
            ],
            "time": "2013-05-11 07:45:37"
        },
        {
            "name": "peehaa/markdown-rewritten",
            "version": "v0.1.0",
            "source": {
                "type": "git",
                "url": "https://github.com/PeeHaa/MarkdownRewritten.git",
                "reference": "8d9a119954d6d96d58b36d1f0740bf74534db2cf"
            },
            "dist": {
                "type": "zip",
                "url": "https://api.github.com/repos/PeeHaa/MarkdownRewritten/zipball/8d9a119954d6d96d58b36d1f0740bf74534db2cf",
                "reference": "8d9a119954d6d96d58b36d1f0740bf74534db2cf",
                "shasum": ""
            },
            "type": "library",
            "notification-url": "https://packagist.org/downloads/",
            "license": [
                "BSD-3-Clause"
            ],
            "authors": [
                {
                    "name": "Pieter Hordijk",
                    "email": "info@pieterhordijk.com",
                    "homepage": "https://pieterhordijk.com",
                    "role": "developer"
                },
                {
                    "name": "Michel Fortin",
                    "homepage": "http://michelf.com/projects/php-markdown",
                    "role": "developer"
                },
                {
                    "name": "John Gruber",
                    "homepage": "http://daringfireball.net/projects/markdown",
                    "role": "developer"
                }
            ],
            "description": "A rewrite of the PHP Markdown code",
            "homepage": "https://github.com/PeeHaa/MarkdownRewritten",
            "keywords": [
                "markdown",
                "md",
                "rewrite"
            ],
            "time": "2013-08-25 01:41:49"
        }
    ],
    "packages-dev": [

    ],
    "aliases": [

    ],
    "minimum-stability": "stable",
    "stability-flags": [

    ],
    "platform": {
        "php": ">=5.4"
    },
    "platform-dev": [

    ]
}
